// !$*UTF8*$!
{
	archiveVersion = 1;
	classes = {
	};
	objectVersion = 46;
	objects = {

/* Begin PBXBuildFile section */
		3ECC6F891BB9A82F00E5BE7A /* AppDelegate.swift in Sources */ = {isa = PBXBuildFile; fileRef = 3ECC6F881BB9A82F00E5BE7A /* AppDelegate.swift */; };
		3ECC6F8B1BB9A82F00E5BE7A /* ViewController.swift in Sources */ = {isa = PBXBuildFile; fileRef = 3ECC6F8A1BB9A82F00E5BE7A /* ViewController.swift */; };
		3ECC6F8E1BB9A82F00E5BE7A /* Main.storyboard in Resources */ = {isa = PBXBuildFile; fileRef = 3ECC6F8C1BB9A82F00E5BE7A /* Main.storyboard */; };
		3ECC6F901BB9A82F00E5BE7A /* Assets.xcassets in Resources */ = {isa = PBXBuildFile; fileRef = 3ECC6F8F1BB9A82F00E5BE7A /* Assets.xcassets */; };
		3ECC6F931BB9A82F00E5BE7A /* LaunchScreen.storyboard in Resources */ = {isa = PBXBuildFile; fileRef = 3ECC6F911BB9A82F00E5BE7A /* LaunchScreen.storyboard */; };
		3ECC6F9E1BB9A82F00E5BE7A /* DRCCameraTests.swift in Sources */ = {isa = PBXBuildFile; fileRef = 3ECC6F9D1BB9A82F00E5BE7A /* DRCCameraTests.swift */; };
		3ECC6FA91BB9A82F00E5BE7A /* DRCCameraUITests.swift in Sources */ = {isa = PBXBuildFile; fileRef = 3ECC6FA81BB9A82F00E5BE7A /* DRCCameraUITests.swift */; };
		3EE44E2B1BFBC0A600D03F5F /* CameraViewController.swift in Sources */ = {isa = PBXBuildFile; fileRef = 3EE44E291BFBC0A600D03F5F /* CameraViewController.swift */; };
		3EE44E301BFBC57E00D03F5F /* CameraViewController.xib in Resources */ = {isa = PBXBuildFile; fileRef = 3EE44E2F1BFBC57E00D03F5F /* CameraViewController.xib */; };
		3EE44E321BFCFD7000D03F5F /* CameraMaskView.swift in Sources */ = {isa = PBXBuildFile; fileRef = 3EE44E311BFCFD7000D03F5F /* CameraMaskView.swift */; };
		3EE44E341BFD020700D03F5F /* CameraKitConstants.swift in Sources */ = {isa = PBXBuildFile; fileRef = 3EE44E331BFD020700D03F5F /* CameraKitConstants.swift */; };
		3EE87C361BB9C15B00F0D4CE /* DRCCameraSwift.h in Headers */ = {isa = PBXBuildFile; fileRef = 3EE87C351BB9C15B00F0D4CE /* DRCCameraSwift.h */; settings = {ATTRIBUTES = (Public, ); }; };
		3EE87C3D1BB9C15B00F0D4CE /* DRCCameraSwift.framework in Frameworks */ = {isa = PBXBuildFile; fileRef = 3EE87C331BB9C15B00F0D4CE /* DRCCameraSwift.framework */; };
		3EE87C441BB9C15B00F0D4CE /* DRCCameraSwiftTests.swift in Sources */ = {isa = PBXBuildFile; fileRef = 3EE87C431BB9C15B00F0D4CE /* DRCCameraSwiftTests.swift */; };
		3EE87C481BB9C15B00F0D4CE /* DRCCameraSwift.framework in Frameworks */ = {isa = PBXBuildFile; fileRef = 3EE87C331BB9C15B00F0D4CE /* DRCCameraSwift.framework */; };
		3EE87C491BB9C15B00F0D4CE /* DRCCameraSwift.framework in Embed Frameworks */ = {isa = PBXBuildFile; fileRef = 3EE87C331BB9C15B00F0D4CE /* DRCCameraSwift.framework */; settings = {ATTRIBUTES = (CodeSignOnCopy, RemoveHeadersOnCopy, ); }; };
		3EE87C591BB9CB7A00F0D4CE /* ImageHandler.swift in Sources */ = {isa = PBXBuildFile; fileRef = 3EE87C571BB9C22800F0D4CE /* ImageHandler.swift */; };
/* End PBXBuildFile section */

/* Begin PBXContainerItemProxy section */
		3ECC6F9A1BB9A82F00E5BE7A /* PBXContainerItemProxy */ = {
			isa = PBXContainerItemProxy;
			containerPortal = 3ECC6F7D1BB9A82F00E5BE7A /* Project object */;
			proxyType = 1;
			remoteGlobalIDString = 3ECC6F841BB9A82F00E5BE7A;
			remoteInfo = DRCCamera;
		};
		3ECC6FA51BB9A82F00E5BE7A /* PBXContainerItemProxy */ = {
			isa = PBXContainerItemProxy;
			containerPortal = 3ECC6F7D1BB9A82F00E5BE7A /* Project object */;
			proxyType = 1;
			remoteGlobalIDString = 3ECC6F841BB9A82F00E5BE7A;
			remoteInfo = DRCCamera;
		};
		3EE87C3E1BB9C15B00F0D4CE /* PBXContainerItemProxy */ = {
			isa = PBXContainerItemProxy;
			containerPortal = 3ECC6F7D1BB9A82F00E5BE7A /* Project object */;
			proxyType = 1;
			remoteGlobalIDString = 3EE87C321BB9C15B00F0D4CE;
			remoteInfo = DRCCameraSwift;
		};
		3EE87C401BB9C15B00F0D4CE /* PBXContainerItemProxy */ = {
			isa = PBXContainerItemProxy;
			containerPortal = 3ECC6F7D1BB9A82F00E5BE7A /* Project object */;
			proxyType = 1;
			remoteGlobalIDString = 3ECC6F841BB9A82F00E5BE7A;
			remoteInfo = DRCCamera;
		};
		3EE87C461BB9C15B00F0D4CE /* PBXContainerItemProxy */ = {
			isa = PBXContainerItemProxy;
			containerPortal = 3ECC6F7D1BB9A82F00E5BE7A /* Project object */;
			proxyType = 1;
			remoteGlobalIDString = 3EE87C321BB9C15B00F0D4CE;
			remoteInfo = DRCCameraSwift;
		};
/* End PBXContainerItemProxy section */

/* Begin PBXCopyFilesBuildPhase section */
		3EE87C4D1BB9C15B00F0D4CE /* Embed Frameworks */ = {
			isa = PBXCopyFilesBuildPhase;
			buildActionMask = 2147483647;
			dstPath = "";
			dstSubfolderSpec = 10;
			files = (
				3EE87C491BB9C15B00F0D4CE /* DRCCameraSwift.framework in Embed Frameworks */,
			);
			name = "Embed Frameworks";
			runOnlyForDeploymentPostprocessing = 0;
		};
/* End PBXCopyFilesBuildPhase section */

/* Begin PBXFileReference section */
		3ECC6F851BB9A82F00E5BE7A /* DRCCamera.app */ = {isa = PBXFileReference; explicitFileType = wrapper.application; includeInIndex = 0; path = DRCCamera.app; sourceTree = BUILT_PRODUCTS_DIR; };
		3ECC6F881BB9A82F00E5BE7A /* AppDelegate.swift */ = {isa = PBXFileReference; lastKnownFileType = sourcecode.swift; path = AppDelegate.swift; sourceTree = "<group>"; };
		3ECC6F8A1BB9A82F00E5BE7A /* ViewController.swift */ = {isa = PBXFileReference; lastKnownFileType = sourcecode.swift; path = ViewController.swift; sourceTree = "<group>"; };
		3ECC6F8D1BB9A82F00E5BE7A /* Base */ = {isa = PBXFileReference; lastKnownFileType = file.storyboard; name = Base; path = Base.lproj/Main.storyboard; sourceTree = "<group>"; };
		3ECC6F8F1BB9A82F00E5BE7A /* Assets.xcassets */ = {isa = PBXFileReference; lastKnownFileType = folder.assetcatalog; path = Assets.xcassets; sourceTree = "<group>"; };
		3ECC6F921BB9A82F00E5BE7A /* Base */ = {isa = PBXFileReference; lastKnownFileType = file.storyboard; name = Base; path = Base.lproj/LaunchScreen.storyboard; sourceTree = "<group>"; };
		3ECC6F941BB9A82F00E5BE7A /* Info.plist */ = {isa = PBXFileReference; lastKnownFileType = text.plist.xml; path = Info.plist; sourceTree = "<group>"; };
		3ECC6F991BB9A82F00E5BE7A /* DRCCameraTests.xctest */ = {isa = PBXFileReference; explicitFileType = wrapper.cfbundle; includeInIndex = 0; path = DRCCameraTests.xctest; sourceTree = BUILT_PRODUCTS_DIR; };
		3ECC6F9D1BB9A82F00E5BE7A /* DRCCameraTests.swift */ = {isa = PBXFileReference; lastKnownFileType = sourcecode.swift; path = DRCCameraTests.swift; sourceTree = "<group>"; };
		3ECC6F9F1BB9A82F00E5BE7A /* Info.plist */ = {isa = PBXFileReference; lastKnownFileType = text.plist.xml; path = Info.plist; sourceTree = "<group>"; };
		3ECC6FA41BB9A82F00E5BE7A /* DRCCameraUITests.xctest */ = {isa = PBXFileReference; explicitFileType = wrapper.cfbundle; includeInIndex = 0; path = DRCCameraUITests.xctest; sourceTree = BUILT_PRODUCTS_DIR; };
		3ECC6FA81BB9A82F00E5BE7A /* DRCCameraUITests.swift */ = {isa = PBXFileReference; lastKnownFileType = sourcecode.swift; path = DRCCameraUITests.swift; sourceTree = "<group>"; };
		3ECC6FAA1BB9A82F00E5BE7A /* Info.plist */ = {isa = PBXFileReference; lastKnownFileType = text.plist.xml; path = Info.plist; sourceTree = "<group>"; };
		3ECC6FB61BB9A85600E5BE7A /* DRCCamera-Bridging-Header.h */ = {isa = PBXFileReference; lastKnownFileType = sourcecode.c.h; path = "DRCCamera-Bridging-Header.h"; sourceTree = "<group>"; };
		3EE44E291BFBC0A600D03F5F /* CameraViewController.swift */ = {isa = PBXFileReference; fileEncoding = 4; lastKnownFileType = sourcecode.swift; path = CameraViewController.swift; sourceTree = "<group>"; };
		3EE44E2F1BFBC57E00D03F5F /* CameraViewController.xib */ = {isa = PBXFileReference; fileEncoding = 4; lastKnownFileType = file.xib; path = CameraViewController.xib; sourceTree = "<group>"; };
		3EE44E311BFCFD7000D03F5F /* CameraMaskView.swift */ = {isa = PBXFileReference; fileEncoding = 4; lastKnownFileType = sourcecode.swift; path = CameraMaskView.swift; sourceTree = "<group>"; };
		3EE44E331BFD020700D03F5F /* CameraKitConstants.swift */ = {isa = PBXFileReference; fileEncoding = 4; lastKnownFileType = sourcecode.swift; path = CameraKitConstants.swift; sourceTree = "<group>"; };
		3EE87C331BB9C15B00F0D4CE /* DRCCameraSwift.framework */ = {isa = PBXFileReference; explicitFileType = wrapper.framework; includeInIndex = 0; path = DRCCameraSwift.framework; sourceTree = BUILT_PRODUCTS_DIR; };
		3EE87C351BB9C15B00F0D4CE /* DRCCameraSwift.h */ = {isa = PBXFileReference; lastKnownFileType = sourcecode.c.h; path = DRCCameraSwift.h; sourceTree = "<group>"; };
		3EE87C371BB9C15B00F0D4CE /* Info.plist */ = {isa = PBXFileReference; lastKnownFileType = text.plist.xml; path = Info.plist; sourceTree = "<group>"; };
		3EE87C3C1BB9C15B00F0D4CE /* DRCCameraSwiftTests.xctest */ = {isa = PBXFileReference; explicitFileType = wrapper.cfbundle; includeInIndex = 0; path = DRCCameraSwiftTests.xctest; sourceTree = BUILT_PRODUCTS_DIR; };
		3EE87C431BB9C15B00F0D4CE /* DRCCameraSwiftTests.swift */ = {isa = PBXFileReference; lastKnownFileType = sourcecode.swift; path = DRCCameraSwiftTests.swift; sourceTree = "<group>"; };
		3EE87C451BB9C15B00F0D4CE /* Info.plist */ = {isa = PBXFileReference; lastKnownFileType = text.plist.xml; path = Info.plist; sourceTree = "<group>"; };
		3EE87C571BB9C22800F0D4CE /* ImageHandler.swift */ = {isa = PBXFileReference; fileEncoding = 4; lastKnownFileType = sourcecode.swift; name = ImageHandler.swift; path = ../DRCCamera/ImageHandler.swift; sourceTree = "<group>"; };
/* End PBXFileReference section */

/* Begin PBXFrameworksBuildPhase section */
		3ECC6F821BB9A82F00E5BE7A /* Frameworks */ = {
			isa = PBXFrameworksBuildPhase;
			buildActionMask = 2147483647;
			files = (
				3EE87C481BB9C15B00F0D4CE /* DRCCameraSwift.framework in Frameworks */,
			);
			runOnlyForDeploymentPostprocessing = 0;
		};
		3ECC6F961BB9A82F00E5BE7A /* Frameworks */ = {
			isa = PBXFrameworksBuildPhase;
			buildActionMask = 2147483647;
			files = (
			);
			runOnlyForDeploymentPostprocessing = 0;
		};
		3ECC6FA11BB9A82F00E5BE7A /* Frameworks */ = {
			isa = PBXFrameworksBuildPhase;
			buildActionMask = 2147483647;
			files = (
			);
			runOnlyForDeploymentPostprocessing = 0;
		};
		3EE87C2F1BB9C15B00F0D4CE /* Frameworks */ = {
			isa = PBXFrameworksBuildPhase;
			buildActionMask = 2147483647;
			files = (
			);
			runOnlyForDeploymentPostprocessing = 0;
		};
		3EE87C391BB9C15B00F0D4CE /* Frameworks */ = {
			isa = PBXFrameworksBuildPhase;
			buildActionMask = 2147483647;
			files = (
				3EE87C3D1BB9C15B00F0D4CE /* DRCCameraSwift.framework in Frameworks */,
			);
			runOnlyForDeploymentPostprocessing = 0;
		};
/* End PBXFrameworksBuildPhase section */

/* Begin PBXGroup section */
		3ECC6F7C1BB9A82F00E5BE7A = {
			isa = PBXGroup;
			children = (
				3ECC6F871BB9A82F00E5BE7A /* DRCCamera */,
				3ECC6F9C1BB9A82F00E5BE7A /* DRCCameraTests */,
				3ECC6FA71BB9A82F00E5BE7A /* DRCCameraUITests */,
				3EE87C341BB9C15B00F0D4CE /* DRCCameraSwift */,
				3EE87C421BB9C15B00F0D4CE /* DRCCameraSwiftTests */,
				3ECC6F861BB9A82F00E5BE7A /* Products */,
			);
			sourceTree = "<group>";
		};
		3ECC6F861BB9A82F00E5BE7A /* Products */ = {
			isa = PBXGroup;
			children = (
				3ECC6F851BB9A82F00E5BE7A /* DRCCamera.app */,
				3ECC6F991BB9A82F00E5BE7A /* DRCCameraTests.xctest */,
				3ECC6FA41BB9A82F00E5BE7A /* DRCCameraUITests.xctest */,
				3EE87C331BB9C15B00F0D4CE /* DRCCameraSwift.framework */,
				3EE87C3C1BB9C15B00F0D4CE /* DRCCameraSwiftTests.xctest */,
			);
			name = Products;
			sourceTree = "<group>";
		};
		3ECC6F871BB9A82F00E5BE7A /* DRCCamera */ = {
			isa = PBXGroup;
			children = (
				3ECC6F881BB9A82F00E5BE7A /* AppDelegate.swift */,
				3ECC6F8A1BB9A82F00E5BE7A /* ViewController.swift */,
				3ECC6F8C1BB9A82F00E5BE7A /* Main.storyboard */,
				3ECC6F8F1BB9A82F00E5BE7A /* Assets.xcassets */,
				3ECC6F911BB9A82F00E5BE7A /* LaunchScreen.storyboard */,
				3ECC6F941BB9A82F00E5BE7A /* Info.plist */,
				3ECC6FB61BB9A85600E5BE7A /* DRCCamera-Bridging-Header.h */,
			);
			path = DRCCamera;
			sourceTree = "<group>";
		};
		3ECC6F9C1BB9A82F00E5BE7A /* DRCCameraTests */ = {
			isa = PBXGroup;
			children = (
				3ECC6F9D1BB9A82F00E5BE7A /* DRCCameraTests.swift */,
				3ECC6F9F1BB9A82F00E5BE7A /* Info.plist */,
			);
			path = DRCCameraTests;
			sourceTree = "<group>";
		};
		3ECC6FA71BB9A82F00E5BE7A /* DRCCameraUITests */ = {
			isa = PBXGroup;
			children = (
				3ECC6FA81BB9A82F00E5BE7A /* DRCCameraUITests.swift */,
				3ECC6FAA1BB9A82F00E5BE7A /* Info.plist */,
			);
			path = DRCCameraUITests;
			sourceTree = "<group>";
		};
		3EE87C341BB9C15B00F0D4CE /* DRCCameraSwift */ = {
			isa = PBXGroup;
			children = (
				3EE44E291BFBC0A600D03F5F /* CameraViewController.swift */,
				3EE44E2F1BFBC57E00D03F5F /* CameraViewController.xib */,
				3EE44E311BFCFD7000D03F5F /* CameraMaskView.swift */,
				3EE87C571BB9C22800F0D4CE /* ImageHandler.swift */,
				3EE44E331BFD020700D03F5F /* CameraKitConstants.swift */,
				3EE87C351BB9C15B00F0D4CE /* DRCCameraSwift.h */,
				3EE87C371BB9C15B00F0D4CE /* Info.plist */,
			);
			path = DRCCameraSwift;
			sourceTree = "<group>";
		};
		3EE87C421BB9C15B00F0D4CE /* DRCCameraSwiftTests */ = {
			isa = PBXGroup;
			children = (
				3EE87C431BB9C15B00F0D4CE /* DRCCameraSwiftTests.swift */,
				3EE87C451BB9C15B00F0D4CE /* Info.plist */,
			);
			path = DRCCameraSwiftTests;
			sourceTree = "<group>";
		};
/* End PBXGroup section */

/* Begin PBXHeadersBuildPhase section */
		3EE87C301BB9C15B00F0D4CE /* Headers */ = {
			isa = PBXHeadersBuildPhase;
			buildActionMask = 2147483647;
			files = (
				3EE87C361BB9C15B00F0D4CE /* DRCCameraSwift.h in Headers */,
			);
			runOnlyForDeploymentPostprocessing = 0;
		};
/* End PBXHeadersBuildPhase section */

/* Begin PBXNativeTarget section */
		3ECC6F841BB9A82F00E5BE7A /* DRCCamera */ = {
			isa = PBXNativeTarget;
			buildConfigurationList = 3ECC6FAD1BB9A82F00E5BE7A /* Build configuration list for PBXNativeTarget "DRCCamera" */;
			buildPhases = (
				3ECC6F811BB9A82F00E5BE7A /* Sources */,
				3ECC6F821BB9A82F00E5BE7A /* Frameworks */,
				3ECC6F831BB9A82F00E5BE7A /* Resources */,
				3EE87C4D1BB9C15B00F0D4CE /* Embed Frameworks */,
			);
			buildRules = (
			);
			dependencies = (
				3EE87C471BB9C15B00F0D4CE /* PBXTargetDependency */,
			);
			name = DRCCamera;
			productName = DRCCamera;
			productReference = 3ECC6F851BB9A82F00E5BE7A /* DRCCamera.app */;
			productType = "com.apple.product-type.application";
		};
		3ECC6F981BB9A82F00E5BE7A /* DRCCameraTests */ = {
			isa = PBXNativeTarget;
			buildConfigurationList = 3ECC6FB01BB9A82F00E5BE7A /* Build configuration list for PBXNativeTarget "DRCCameraTests" */;
			buildPhases = (
				3ECC6F951BB9A82F00E5BE7A /* Sources */,
				3ECC6F961BB9A82F00E5BE7A /* Frameworks */,
				3ECC6F971BB9A82F00E5BE7A /* Resources */,
			);
			buildRules = (
			);
			dependencies = (
				3ECC6F9B1BB9A82F00E5BE7A /* PBXTargetDependency */,
			);
			name = DRCCameraTests;
			productName = DRCCameraTests;
			productReference = 3ECC6F991BB9A82F00E5BE7A /* DRCCameraTests.xctest */;
			productType = "com.apple.product-type.bundle.unit-test";
		};
		3ECC6FA31BB9A82F00E5BE7A /* DRCCameraUITests */ = {
			isa = PBXNativeTarget;
			buildConfigurationList = 3ECC6FB31BB9A82F00E5BE7A /* Build configuration list for PBXNativeTarget "DRCCameraUITests" */;
			buildPhases = (
				3ECC6FA01BB9A82F00E5BE7A /* Sources */,
				3ECC6FA11BB9A82F00E5BE7A /* Frameworks */,
				3ECC6FA21BB9A82F00E5BE7A /* Resources */,
			);
			buildRules = (
			);
			dependencies = (
				3ECC6FA61BB9A82F00E5BE7A /* PBXTargetDependency */,
			);
			name = DRCCameraUITests;
			productName = DRCCameraUITests;
			productReference = 3ECC6FA41BB9A82F00E5BE7A /* DRCCameraUITests.xctest */;
			productType = "com.apple.product-type.bundle.ui-testing";
		};
		3EE87C321BB9C15B00F0D4CE /* DRCCameraSwift */ = {
			isa = PBXNativeTarget;
			buildConfigurationList = 3EE87C4A1BB9C15B00F0D4CE /* Build configuration list for PBXNativeTarget "DRCCameraSwift" */;
			buildPhases = (
				3EE87C2E1BB9C15B00F0D4CE /* Sources */,
				3EE87C2F1BB9C15B00F0D4CE /* Frameworks */,
				3EE87C301BB9C15B00F0D4CE /* Headers */,
				3EE87C311BB9C15B00F0D4CE /* Resources */,
			);
			buildRules = (
			);
			dependencies = (
			);
			name = DRCCameraSwift;
			productName = DRCCameraSwift;
			productReference = 3EE87C331BB9C15B00F0D4CE /* DRCCameraSwift.framework */;
			productType = "com.apple.product-type.framework";
		};
		3EE87C3B1BB9C15B00F0D4CE /* DRCCameraSwiftTests */ = {
			isa = PBXNativeTarget;
			buildConfigurationList = 3EE87C4E1BB9C15B00F0D4CE /* Build configuration list for PBXNativeTarget "DRCCameraSwiftTests" */;
			buildPhases = (
				3EE87C381BB9C15B00F0D4CE /* Sources */,
				3EE87C391BB9C15B00F0D4CE /* Frameworks */,
				3EE87C3A1BB9C15B00F0D4CE /* Resources */,
			);
			buildRules = (
			);
			dependencies = (
				3EE87C3F1BB9C15B00F0D4CE /* PBXTargetDependency */,
				3EE87C411BB9C15B00F0D4CE /* PBXTargetDependency */,
			);
			name = DRCCameraSwiftTests;
			productName = DRCCameraSwiftTests;
			productReference = 3EE87C3C1BB9C15B00F0D4CE /* DRCCameraSwiftTests.xctest */;
			productType = "com.apple.product-type.bundle.unit-test";
		};
/* End PBXNativeTarget section */

/* Begin PBXProject section */
		3ECC6F7D1BB9A82F00E5BE7A /* Project object */ = {
			isa = PBXProject;
			attributes = {
				KnownAssetTags = (
					New,
				);
				LastSwiftUpdateCheck = 0700;
				LastUpgradeCheck = 0700;
				ORGANIZATIONNAME = "Kan Chen";
				TargetAttributes = {
					3ECC6F841BB9A82F00E5BE7A = {
						CreatedOnToolsVersion = 7.0;
						DevelopmentTeam = 2J62DTH957;
						LastSwiftMigration = 0800;
					};
					3ECC6F981BB9A82F00E5BE7A = {
						CreatedOnToolsVersion = 7.0;
						LastSwiftMigration = 0800;
						TestTargetID = 3ECC6F841BB9A82F00E5BE7A;
					};
					3ECC6FA31BB9A82F00E5BE7A = {
						CreatedOnToolsVersion = 7.0;
						LastSwiftMigration = 0800;
						TestTargetID = 3ECC6F841BB9A82F00E5BE7A;
					};
					3EE87C321BB9C15B00F0D4CE = {
						CreatedOnToolsVersion = 7.0;
						LastSwiftMigration = 0800;
					};
					3EE87C3B1BB9C15B00F0D4CE = {
						CreatedOnToolsVersion = 7.0;
						LastSwiftMigration = 0800;
						TestTargetID = 3ECC6F841BB9A82F00E5BE7A;
					};
				};
			};
			buildConfigurationList = 3ECC6F801BB9A82F00E5BE7A /* Build configuration list for PBXProject "DRCCamera" */;
			compatibilityVersion = "Xcode 3.2";
			developmentRegion = English;
			hasScannedForEncodings = 0;
			knownRegions = (
				en,
				Base,
			);
			mainGroup = 3ECC6F7C1BB9A82F00E5BE7A;
			productRefGroup = 3ECC6F861BB9A82F00E5BE7A /* Products */;
			projectDirPath = "";
			projectRoot = "";
			targets = (
				3ECC6F841BB9A82F00E5BE7A /* DRCCamera */,
				3ECC6F981BB9A82F00E5BE7A /* DRCCameraTests */,
				3ECC6FA31BB9A82F00E5BE7A /* DRCCameraUITests */,
				3EE87C321BB9C15B00F0D4CE /* DRCCameraSwift */,
				3EE87C3B1BB9C15B00F0D4CE /* DRCCameraSwiftTests */,
			);
		};
/* End PBXProject section */

/* Begin PBXResourcesBuildPhase section */
		3ECC6F831BB9A82F00E5BE7A /* Resources */ = {
			isa = PBXResourcesBuildPhase;
			buildActionMask = 2147483647;
			files = (
				3ECC6F931BB9A82F00E5BE7A /* LaunchScreen.storyboard in Resources */,
				3ECC6F901BB9A82F00E5BE7A /* Assets.xcassets in Resources */,
				3ECC6F8E1BB9A82F00E5BE7A /* Main.storyboard in Resources */,
			);
			runOnlyForDeploymentPostprocessing = 0;
		};
		3ECC6F971BB9A82F00E5BE7A /* Resources */ = {
			isa = PBXResourcesBuildPhase;
			buildActionMask = 2147483647;
			files = (
			);
			runOnlyForDeploymentPostprocessing = 0;
		};
		3ECC6FA21BB9A82F00E5BE7A /* Resources */ = {
			isa = PBXResourcesBuildPhase;
			buildActionMask = 2147483647;
			files = (
			);
			runOnlyForDeploymentPostprocessing = 0;
		};
		3EE87C311BB9C15B00F0D4CE /* Resources */ = {
			isa = PBXResourcesBuildPhase;
			buildActionMask = 2147483647;
			files = (
				3EE44E301BFBC57E00D03F5F /* CameraViewController.xib in Resources */,
			);
			runOnlyForDeploymentPostprocessing = 0;
		};
		3EE87C3A1BB9C15B00F0D4CE /* Resources */ = {
			isa = PBXResourcesBuildPhase;
			buildActionMask = 2147483647;
			files = (
			);
			runOnlyForDeploymentPostprocessing = 0;
		};
/* End PBXResourcesBuildPhase section */

/* Begin PBXSourcesBuildPhase section */
		3ECC6F811BB9A82F00E5BE7A /* Sources */ = {
			isa = PBXSourcesBuildPhase;
			buildActionMask = 2147483647;
			files = (
				3ECC6F8B1BB9A82F00E5BE7A /* ViewController.swift in Sources */,
				3ECC6F891BB9A82F00E5BE7A /* AppDelegate.swift in Sources */,
			);
			runOnlyForDeploymentPostprocessing = 0;
		};
		3ECC6F951BB9A82F00E5BE7A /* Sources */ = {
			isa = PBXSourcesBuildPhase;
			buildActionMask = 2147483647;
			files = (
				3ECC6F9E1BB9A82F00E5BE7A /* DRCCameraTests.swift in Sources */,
			);
			runOnlyForDeploymentPostprocessing = 0;
		};
		3ECC6FA01BB9A82F00E5BE7A /* Sources */ = {
			isa = PBXSourcesBuildPhase;
			buildActionMask = 2147483647;
			files = (
				3ECC6FA91BB9A82F00E5BE7A /* DRCCameraUITests.swift in Sources */,
			);
			runOnlyForDeploymentPostprocessing = 0;
		};
		3EE87C2E1BB9C15B00F0D4CE /* Sources */ = {
			isa = PBXSourcesBuildPhase;
			buildActionMask = 2147483647;
			files = (
				3EE44E341BFD020700D03F5F /* CameraKitConstants.swift in Sources */,
				3EE87C591BB9CB7A00F0D4CE /* ImageHandler.swift in Sources */,
				3EE44E2B1BFBC0A600D03F5F /* CameraViewController.swift in Sources */,
				3EE44E321BFCFD7000D03F5F /* CameraMaskView.swift in Sources */,
			);
			runOnlyForDeploymentPostprocessing = 0;
		};
		3EE87C381BB9C15B00F0D4CE /* Sources */ = {
			isa = PBXSourcesBuildPhase;
			buildActionMask = 2147483647;
			files = (
				3EE87C441BB9C15B00F0D4CE /* DRCCameraSwiftTests.swift in Sources */,
			);
			runOnlyForDeploymentPostprocessing = 0;
		};
/* End PBXSourcesBuildPhase section */

/* Begin PBXTargetDependency section */
		3ECC6F9B1BB9A82F00E5BE7A /* PBXTargetDependency */ = {
			isa = PBXTargetDependency;
			target = 3ECC6F841BB9A82F00E5BE7A /* DRCCamera */;
			targetProxy = 3ECC6F9A1BB9A82F00E5BE7A /* PBXContainerItemProxy */;
		};
		3ECC6FA61BB9A82F00E5BE7A /* PBXTargetDependency */ = {
			isa = PBXTargetDependency;
			target = 3ECC6F841BB9A82F00E5BE7A /* DRCCamera */;
			targetProxy = 3ECC6FA51BB9A82F00E5BE7A /* PBXContainerItemProxy */;
		};
		3EE87C3F1BB9C15B00F0D4CE /* PBXTargetDependency */ = {
			isa = PBXTargetDependency;
			target = 3EE87C321BB9C15B00F0D4CE /* DRCCameraSwift */;
			targetProxy = 3EE87C3E1BB9C15B00F0D4CE /* PBXContainerItemProxy */;
		};
		3EE87C411BB9C15B00F0D4CE /* PBXTargetDependency */ = {
			isa = PBXTargetDependency;
			target = 3ECC6F841BB9A82F00E5BE7A /* DRCCamera */;
			targetProxy = 3EE87C401BB9C15B00F0D4CE /* PBXContainerItemProxy */;
		};
		3EE87C471BB9C15B00F0D4CE /* PBXTargetDependency */ = {
			isa = PBXTargetDependency;
			target = 3EE87C321BB9C15B00F0D4CE /* DRCCameraSwift */;
			targetProxy = 3EE87C461BB9C15B00F0D4CE /* PBXContainerItemProxy */;
		};
/* End PBXTargetDependency section */

/* Begin PBXVariantGroup section */
		3ECC6F8C1BB9A82F00E5BE7A /* Main.storyboard */ = {
			isa = PBXVariantGroup;
			children = (
				3ECC6F8D1BB9A82F00E5BE7A /* Base */,
			);
			name = Main.storyboard;
			sourceTree = "<group>";
		};
		3ECC6F911BB9A82F00E5BE7A /* LaunchScreen.storyboard */ = {
			isa = PBXVariantGroup;
			children = (
				3ECC6F921BB9A82F00E5BE7A /* Base */,
			);
			name = LaunchScreen.storyboard;
			sourceTree = "<group>";
		};
/* End PBXVariantGroup section */

/* Begin XCBuildConfiguration section */
		3ECC6FAB1BB9A82F00E5BE7A /* Debug */ = {
			isa = XCBuildConfiguration;
			buildSettings = {
				ALWAYS_SEARCH_USER_PATHS = NO;
				CLANG_CXX_LANGUAGE_STANDARD = "gnu++0x";
				CLANG_CXX_LIBRARY = "libc++";
				CLANG_ENABLE_MODULES = YES;
				CLANG_ENABLE_OBJC_ARC = YES;
				CLANG_WARN_BOOL_CONVERSION = YES;
				CLANG_WARN_CONSTANT_CONVERSION = YES;
				CLANG_WARN_DIRECT_OBJC_ISA_USAGE = YES_ERROR;
				CLANG_WARN_EMPTY_BODY = YES;
				CLANG_WARN_ENUM_CONVERSION = YES;
				CLANG_WARN_INT_CONVERSION = YES;
				CLANG_WARN_OBJC_ROOT_CLASS = YES_ERROR;
				CLANG_WARN_UNREACHABLE_CODE = YES;
				CLANG_WARN__DUPLICATE_METHOD_MATCH = YES;
				"CODE_SIGN_IDENTITY[sdk=iphoneos*]" = "iPhone Developer";
				COPY_PHASE_STRIP = NO;
				DEBUG_INFORMATION_FORMAT = dwarf;
				ENABLE_STRICT_OBJC_MSGSEND = YES;
				ENABLE_TESTABILITY = YES;
				GCC_C_LANGUAGE_STANDARD = gnu99;
				GCC_DYNAMIC_NO_PIC = NO;
				GCC_NO_COMMON_BLOCKS = YES;
				GCC_OPTIMIZATION_LEVEL = 0;
				GCC_PREPROCESSOR_DEFINITIONS = (
					"DEBUG=1",
					"$(inherited)",
				);
				GCC_WARN_64_TO_32_BIT_CONVERSION = YES;
				GCC_WARN_ABOUT_RETURN_TYPE = YES_ERROR;
				GCC_WARN_UNDECLARED_SELECTOR = YES;
				GCC_WARN_UNINITIALIZED_AUTOS = YES_AGGRESSIVE;
				GCC_WARN_UNUSED_FUNCTION = YES;
				GCC_WARN_UNUSED_VARIABLE = YES;
				IPHONEOS_DEPLOYMENT_TARGET = 9.0;
				MTL_ENABLE_DEBUG_INFO = YES;
				ONLY_ACTIVE_ARCH = YES;
				SDKROOT = iphoneos;
				SWIFT_OPTIMIZATION_LEVEL = "-Onone";
				TARGETED_DEVICE_FAMILY = "1,2";
			};
			name = Debug;
		};
		3ECC6FAC1BB9A82F00E5BE7A /* Release */ = {
			isa = XCBuildConfiguration;
			buildSettings = {
				ALWAYS_SEARCH_USER_PATHS = NO;
				CLANG_CXX_LANGUAGE_STANDARD = "gnu++0x";
				CLANG_CXX_LIBRARY = "libc++";
				CLANG_ENABLE_MODULES = YES;
				CLANG_ENABLE_OBJC_ARC = YES;
				CLANG_WARN_BOOL_CONVERSION = YES;
				CLANG_WARN_CONSTANT_CONVERSION = YES;
				CLANG_WARN_DIRECT_OBJC_ISA_USAGE = YES_ERROR;
				CLANG_WARN_EMPTY_BODY = YES;
				CLANG_WARN_ENUM_CONVERSION = YES;
				CLANG_WARN_INT_CONVERSION = YES;
				CLANG_WARN_OBJC_ROOT_CLASS = YES_ERROR;
				CLANG_WARN_UNREACHABLE_CODE = YES;
				CLANG_WARN__DUPLICATE_METHOD_MATCH = YES;
				"CODE_SIGN_IDENTITY[sdk=iphoneos*]" = "iPhone Developer";
				COPY_PHASE_STRIP = NO;
				DEBUG_INFORMATION_FORMAT = "dwarf-with-dsym";
				ENABLE_NS_ASSERTIONS = NO;
				ENABLE_STRICT_OBJC_MSGSEND = YES;
				GCC_C_LANGUAGE_STANDARD = gnu99;
				GCC_NO_COMMON_BLOCKS = YES;
				GCC_WARN_64_TO_32_BIT_CONVERSION = YES;
				GCC_WARN_ABOUT_RETURN_TYPE = YES_ERROR;
				GCC_WARN_UNDECLARED_SELECTOR = YES;
				GCC_WARN_UNINITIALIZED_AUTOS = YES_AGGRESSIVE;
				GCC_WARN_UNUSED_FUNCTION = YES;
				GCC_WARN_UNUSED_VARIABLE = YES;
				IPHONEOS_DEPLOYMENT_TARGET = 9.0;
				MTL_ENABLE_DEBUG_INFO = NO;
				SDKROOT = iphoneos;
				TARGETED_DEVICE_FAMILY = "1,2";
				VALIDATE_PRODUCT = YES;
			};
			name = Release;
		};
		3ECC6FAE1BB9A82F00E5BE7A /* Debug */ = {
			isa = XCBuildConfiguration;
			buildSettings = {
				ASSETCATALOG_COMPILER_APPICON_NAME = AppIcon;
				CLANG_ENABLE_MODULES = YES;
				CODE_SIGN_IDENTITY = "iPhone Developer";
				EMBEDDED_CONTENT_CONTAINS_SWIFT = YES;
				INFOPLIST_FILE = DRCCamera/Info.plist;
				LD_RUNPATH_SEARCH_PATHS = "$(inherited) @executable_path/Frameworks";
				PRODUCT_BUNDLE_IDENTIFIER = drchrono.DRCCamera;
				PRODUCT_NAME = "$(TARGET_NAME)";
				SWIFT_OBJC_BRIDGING_HEADER = "DRCCamera/DRCCamera-Bridging-Header.h";
				SWIFT_OPTIMIZATION_LEVEL = "-Onone";
				SWIFT_VERSION = 3.0;
			};
			name = Debug;
		};
		3ECC6FAF1BB9A82F00E5BE7A /* Release */ = {
			isa = XCBuildConfiguration;
			buildSettings = {
				ASSETCATALOG_COMPILER_APPICON_NAME = AppIcon;
				CLANG_ENABLE_MODULES = YES;
				CODE_SIGN_IDENTITY = "iPhone Developer";
				EMBEDDED_CONTENT_CONTAINS_SWIFT = YES;
				INFOPLIST_FILE = DRCCamera/Info.plist;
				LD_RUNPATH_SEARCH_PATHS = "$(inherited) @executable_path/Frameworks";
				PRODUCT_BUNDLE_IDENTIFIER = drchrono.DRCCamera;
				PRODUCT_NAME = "$(TARGET_NAME)";
				SWIFT_OBJC_BRIDGING_HEADER = "DRCCamera/DRCCamera-Bridging-Header.h";
				SWIFT_VERSION = 3.0;
			};
			name = Release;
		};
		3ECC6FB11BB9A82F00E5BE7A /* Debug */ = {
			isa = XCBuildConfiguration;
			buildSettings = {
				BUNDLE_LOADER = "$(TEST_HOST)";
				INFOPLIST_FILE = DRCCameraTests/Info.plist;
				LD_RUNPATH_SEARCH_PATHS = "$(inherited) @executable_path/Frameworks @loader_path/Frameworks";
				PRODUCT_BUNDLE_IDENTIFIER = drchrono.DRCCameraTests;
				PRODUCT_NAME = "$(TARGET_NAME)";
				SWIFT_VERSION = 3.0;
				TEST_HOST = "$(BUILT_PRODUCTS_DIR)/DRCCamera.app/DRCCamera";
			};
			name = Debug;
		};
		3ECC6FB21BB9A82F00E5BE7A /* Release */ = {
			isa = XCBuildConfiguration;
			buildSettings = {
				BUNDLE_LOADER = "$(TEST_HOST)";
				INFOPLIST_FILE = DRCCameraTests/Info.plist;
				LD_RUNPATH_SEARCH_PATHS = "$(inherited) @executable_path/Frameworks @loader_path/Frameworks";
				PRODUCT_BUNDLE_IDENTIFIER = drchrono.DRCCameraTests;
				PRODUCT_NAME = "$(TARGET_NAME)";
				SWIFT_VERSION = 3.0;
				TEST_HOST = "$(BUILT_PRODUCTS_DIR)/DRCCamera.app/DRCCamera";
			};
			name = Release;
		};
		3ECC6FB41BB9A82F00E5BE7A /* Debug */ = {
			isa = XCBuildConfiguration;
			buildSettings = {
				INFOPLIST_FILE = DRCCameraUITests/Info.plist;
				LD_RUNPATH_SEARCH_PATHS = "$(inherited) @executable_path/Frameworks @loader_path/Frameworks";
				PRODUCT_BUNDLE_IDENTIFIER = drchrono.DRCCameraUITests;
				PRODUCT_NAME = "$(TARGET_NAME)";
				SWIFT_VERSION = 3.0;
				TEST_TARGET_NAME = DRCCamera;
				USES_XCTRUNNER = YES;
			};
			name = Debug;
		};
		3ECC6FB51BB9A82F00E5BE7A /* Release */ = {
			isa = XCBuildConfiguration;
			buildSettings = {
				INFOPLIST_FILE = DRCCameraUITests/Info.plist;
				LD_RUNPATH_SEARCH_PATHS = "$(inherited) @executable_path/Frameworks @loader_path/Frameworks";
				PRODUCT_BUNDLE_IDENTIFIER = drchrono.DRCCameraUITests;
				PRODUCT_NAME = "$(TARGET_NAME)";
				SWIFT_VERSION = 3.0;
				TEST_TARGET_NAME = DRCCamera;
				USES_XCTRUNNER = YES;
			};
			name = Release;
		};
		3EE87C4B1BB9C15B00F0D4CE /* Debug */ = {
			isa = XCBuildConfiguration;
			buildSettings = {
				CODE_SIGN_IDENTITY = "iPhone Developer";
				CURRENT_PROJECT_VERSION = 1;
				DEFINES_MODULE = YES;
				DYLIB_COMPATIBILITY_VERSION = 1;
				DYLIB_CURRENT_VERSION = 1;
				DYLIB_INSTALL_NAME_BASE = "@rpath";
				INFOPLIST_FILE = DRCCameraSwift/Info.plist;
				INSTALL_PATH = "$(LOCAL_LIBRARY_DIR)/Frameworks";
				LD_RUNPATH_SEARCH_PATHS = "$(inherited) @executable_path/Frameworks @loader_path/Frameworks";
				PRODUCT_BUNDLE_IDENTIFIER = drchrono.DRCCameraSwift;
				PRODUCT_NAME = "$(TARGET_NAME)";
				SKIP_INSTALL = YES;
				SWIFT_VERSION = 3.0;
				VERSIONING_SYSTEM = "apple-generic";
				VERSION_INFO_PREFIX = "";
			};
			name = Debug;
		};
		3EE87C4C1BB9C15B00F0D4CE /* Release */ = {
			isa = XCBuildConfiguration;
			buildSettings = {
				CODE_SIGN_IDENTITY = "iPhone Developer";
				CURRENT_PROJECT_VERSION = 1;
				DEFINES_MODULE = YES;
				DYLIB_COMPATIBILITY_VERSION = 1;
				DYLIB_CURRENT_VERSION = 1;
				DYLIB_INSTALL_NAME_BASE = "@rpath";
				INFOPLIST_FILE = DRCCameraSwift/Info.plist;
				INSTALL_PATH = "$(LOCAL_LIBRARY_DIR)/Frameworks";
				LD_RUNPATH_SEARCH_PATHS = "$(inherited) @executable_path/Frameworks @loader_path/Frameworks";
				PRODUCT_BUNDLE_IDENTIFIER = drchrono.DRCCameraSwift;
				PRODUCT_NAME = "$(TARGET_NAME)";
				SKIP_INSTALL = YES;
				SWIFT_VERSION = 3.0;
				VERSIONING_SYSTEM = "apple-generic";
				VERSION_INFO_PREFIX = "";
			};
			name = Release;
		};
		3EE87C4F1BB9C15B00F0D4CE /* Debug */ = {
			isa = XCBuildConfiguration;
			buildSettings = {
				INFOPLIST_FILE = DRCCameraSwiftTests/Info.plist;
				LD_RUNPATH_SEARCH_PATHS = "$(inherited) @executable_path/Frameworks @loader_path/Frameworks";
				PRODUCT_BUNDLE_IDENTIFIER = drchrono.DRCCameraSwiftTests;
				PRODUCT_NAME = "$(TARGET_NAME)";
				SWIFT_VERSION = 3.0;
				TEST_HOST = "$(BUILT_PRODUCTS_DIR)/DRCCamera.app/DRCCamera";
			};
			name = Debug;
		};
		3EE87C501BB9C15B00F0D4CE /* Release */ = {
			isa = XCBuildConfiguration;
			buildSettings = {
				INFOPLIST_FILE = DRCCameraSwiftTests/Info.plist;
				LD_RUNPATH_SEARCH_PATHS = "$(inherited) @executable_path/Frameworks @loader_path/Frameworks";
				PRODUCT_BUNDLE_IDENTIFIER = drchrono.DRCCameraSwiftTests;
				PRODUCT_NAME = "$(TARGET_NAME)";
				SWIFT_VERSION = 3.0;
				TEST_HOST = "$(BUILT_PRODUCTS_DIR)/DRCCamera.app/DRCCamera";
			};
			name = Release;
		};
/* End XCBuildConfiguration section */

/* Begin XCConfigurationList section */
		3ECC6F801BB9A82F00E5BE7A /* Build configuration list for PBXProject "DRCCamera" */ = {
			isa = XCConfigurationList;
			buildConfigurations = (
				3ECC6FAB1BB9A82F00E5BE7A /* Debug */,
				3ECC6FAC1BB9A82F00E5BE7A /* Release */,
			);
			defaultConfigurationIsVisible = 0;
			defaultConfigurationName = Release;
		};
		3ECC6FAD1BB9A82F00E5BE7A /* Build configuration list for PBXNativeTarget "DRCCamera" */ = {
			isa = XCConfigurationList;
			buildConfigurations = (
				3ECC6FAE1BB9A82F00E5BE7A /* Debug */,
				3ECC6FAF1BB9A82F00E5BE7A /* Release */,
			);
			defaultConfigurationIsVisible = 0;
			defaultConfigurationName = Release;
		};
		3ECC6FB01BB9A82F00E5BE7A /* Build configuration list for PBXNativeTarget "DRCCameraTests" */ = {
			isa = XCConfigurationList;
			buildConfigurations = (
				3ECC6FB11BB9A82F00E5BE7A /* Debug */,
				3ECC6FB21BB9A82F00E5BE7A /* Release */,
			);
			defaultConfigurationIsVisible = 0;
			defaultConfigurationName = Release;
		};
		3ECC6FB31BB9A82F00E5BE7A /* Build configuration list for PBXNativeTarget "DRCCameraUITests" */ = {
			isa = XCConfigurationList;
			buildConfigurations = (
				3ECC6FB41BB9A82F00E5BE7A /* Debug */,
				3ECC6FB51BB9A82F00E5BE7A /* Release */,
			);
			defaultConfigurationIsVisible = 0;
			defaultConfigurationName = Release;
		};
		3EE87C4A1BB9C15B00F0D4CE /* Build configuration list for PBXNativeTarget "DRCCameraSwift" */ = {
			isa = XCConfigurationList;
			buildConfigurations = (
				3EE87C4B1BB9C15B00F0D4CE /* Debug */,
				3EE87C4C1BB9C15B00F0D4CE /* Release */,
			);
			defaultConfigurationIsVisible = 0;
			defaultConfigurationName = Release;
		};
		3EE87C4E1BB9C15B00F0D4CE /* Build configuration list for PBXNativeTarget "DRCCameraSwiftTests" */ = {
			isa = XCConfigurationList;
			buildConfigurations = (
				3EE87C4F1BB9C15B00F0D4CE /* Debug */,
				3EE87C501BB9C15B00F0D4CE /* Release */,
			);
			defaultConfigurationIsVisible = 0;
			defaultConfigurationName = Release;
		};
/* End XCConfigurationList section */
	};
	rootObject = 3ECC6F7D1BB9A82F00E5BE7A /* Project object */;
}
